
Microsoft Visual Studio Solution File, Format Version 12.00
# Visual Studio Version 16
VisualStudioVersion = 16.0.31410.357
MinimumVisualStudioVersion = 10.0.40219.1
Project("{9A19103F-16F7-4668-BE54-9A1E7A4F7556}") = "DevTask", "DevTask\DevTask.csproj", "{D70EFC76-CB1C-4C35-9ED0-DDE06138457D}"
EndProject
Global
	GlobalSection(SolutionConfigurationPlatforms) = preSolution
		Debug|Any CPU = Debug|Any CPU
		Release|Any CPU = Release|Any CPU
	EndGlobalSection
	GlobalSection(ProjectConfigurationPlatforms) = postSolution
		{D70EFC76-CB1C-4C35-9ED0-DDE06138457D}.Debug|Any CPU.ActiveCfg = Debug|Any CPU
		{D70EFC76-CB1C-4C35-9ED0-DDE06138457D}.Debug|Any CPU.Build.0 = Debug|Any CPU
		{D70EFC76-CB1C-4C35-9ED0-DDE06138457D}.Release|Any CPU.ActiveCfg = Release|Any CPU
		{D70EFC76-CB1C-4C35-9ED0-DDE06138457D}.Release|Any CPU.Build.0 = Release|Any CPU
	EndGlobalSection
	GlobalSection(SolutionProperties) = preSolution
		HideSolutionNode = FALSE
	EndGlobalSection
	GlobalSection(ExtensibilityGlobals) = postSolution
		SolutionGuid = {078FAAE4-1003-43F7-B348-9176AFADA9A2}
	EndGlobalSection
EndGlobal
